// !$*UTF8*$!
{
	archiveVersion = 1;
	classes = {
	};
	objectVersion = 46;
	objects = {

/* Begin PBXBuildFile section */
		548E5AF41A060745000984C7 /* DiscoveryClient.cpp in Sources */ = {isa = PBXBuildFile; fileRef = 548E5AED1A060745000984C7 /* DiscoveryClient.cpp */; };
		548E5AF51A060745000984C7 /* ItemProxy.cpp in Sources */ = {isa = PBXBuildFile; fileRef = 548E5AEF1A060745000984C7 /* ItemProxy.cpp */; };
		548E5AF61A060745000984C7 /* main.cpp in Sources */ = {isa = PBXBuildFile; fileRef = 548E5AF11A060745000984C7 /* main.cpp */; };
		548E5AF71A060745000984C7 /* SearchEngine.cpp in Sources */ = {isa = PBXBuildFile; fileRef = 548E5AF21A060745000984C7 /* SearchEngine.cpp */; };
/* End PBXBuildFile section */

/* Begin PBXCopyFilesBuildPhase section */
		542DC2EF1A043DF7007397C6 /* CopyFiles */ = {
			isa = PBXCopyFilesBuildPhase;
			buildActionMask = 2147483647;
			dstPath = /usr/share/man/man1/;
			dstSubfolderSpec = 0;
			files = (
			);
			runOnlyForDeploymentPostprocessing = 1;
		};
/* End PBXCopyFilesBuildPhase section */

/* Begin PBXFileReference section */
		542DC2F11A043DF7007397C6 /* ProxyFile */ = {isa = PBXFileReference; explicitFileType = "compiled.mach-o.executable"; includeInIndex = 0; path = ProxyFile; sourceTree = BUILT_PRODUCTS_DIR; };
		548E5AED1A060745000984C7 /* DiscoveryClient.cpp */ = {isa = PBXFileReference; fileEncoding = 4; lastKnownFileType = sourcecode.cpp.cpp; name = DiscoveryClient.cpp; path = src/DiscoveryClient.cpp; sourceTree = SOURCE_ROOT; };
		548E5AEE1A060745000984C7 /* DiscoveryClient.h */ = {isa = PBXFileReference; fileEncoding = 4; lastKnownFileType = sourcecode.c.h; name = DiscoveryClient.h; path = src/DiscoveryClient.h; sourceTree = SOURCE_ROOT; };
		548E5AEF1A060745000984C7 /* ItemProxy.cpp */ = {isa = PBXFileReference; fileEncoding = 4; lastKnownFileType = sourcecode.cpp.cpp; name = ItemProxy.cpp; path = src/ItemProxy.cpp; sourceTree = SOURCE_ROOT; };
		548E5AF01A060745000984C7 /* ItemProxy.h */ = {isa = PBXFileReference; fileEncoding = 4; lastKnownFileType = sourcecode.c.h; name = ItemProxy.h; path = src/ItemProxy.h; sourceTree = SOURCE_ROOT; };
		548E5AF11A060745000984C7 /* main.cpp */ = {isa = PBXFileReference; fileEncoding = 4; lastKnownFileType = sourcecode.cpp.cpp; name = main.cpp; path = src/main.cpp; sourceTree = SOURCE_ROOT; };
		548E5AF21A060745000984C7 /* SearchEngine.cpp */ = {isa = PBXFileReference; fileEncoding = 4; lastKnownFileType = sourcecode.cpp.cpp; name = SearchEngine.cpp; path = src/SearchEngine.cpp; sourceTree = SOURCE_ROOT; };
		548E5AF31A060745000984C7 /* SearchEngine.h */ = {isa = PBXFileReference; fileEncoding = 4; lastKnownFileType = sourcecode.c.h; name = SearchEngine.h; path = src/SearchEngine.h; sourceTree = SOURCE_ROOT; };
/* End PBXFileReference section */

/* Begin PBXFrameworksBuildPhase section */
		542DC2EE1A043DF7007397C6 /* Frameworks */ = {
			isa = PBXFrameworksBuildPhase;
			buildActionMask = 2147483647;
			files = (
			);
			runOnlyForDeploymentPostprocessing = 0;
		};
/* End PBXFrameworksBuildPhase section */

/* Begin PBXGroup section */
		542DC2E81A043DF7007397C6 = {
			isa = PBXGroup;
			children = (
				542DC2F31A043DF7007397C6 /* ProxyFile */,
				542DC2F21A043DF7007397C6 /* Products */,
			);
			sourceTree = "<group>";
		};
		542DC2F21A043DF7007397C6 /* Products */ = {
			isa = PBXGroup;
			children = (
				542DC2F11A043DF7007397C6 /* ProxyFile */,
			);
			name = Products;
			sourceTree = "<group>";
		};
		542DC2F31A043DF7007397C6 /* ProxyFile */ = {
			isa = PBXGroup;
			children = (
				548E5AED1A060745000984C7 /* DiscoveryClient.cpp */,
				548E5AEE1A060745000984C7 /* DiscoveryClient.h */,
				548E5AEF1A060745000984C7 /* ItemProxy.cpp */,
				548E5AF01A060745000984C7 /* ItemProxy.h */,
				548E5AF11A060745000984C7 /* main.cpp */,
				548E5AF21A060745000984C7 /* SearchEngine.cpp */,
				548E5AF31A060745000984C7 /* SearchEngine.h */,
			);
			path = ProxyFile;
			sourceTree = "<group>";
		};
/* End PBXGroup section */

/* Begin PBXNativeTarget section */
		542DC2F01A043DF7007397C6 /* ProxyFile */ = {
			isa = PBXNativeTarget;
			buildConfigurationList = 542DC2F81A043DF7007397C6 /* Build configuration list for PBXNativeTarget "ProxyFile" */;
			buildPhases = (
				542DC2ED1A043DF7007397C6 /* Sources */,
				542DC2EE1A043DF7007397C6 /* Frameworks */,
				542DC2EF1A043DF7007397C6 /* CopyFiles */,
			);
			buildRules = (
			);
			dependencies = (
			);
			name = ProxyFile;
			productName = ProxyFile;
			productReference = 542DC2F11A043DF7007397C6 /* ProxyFile */;
			productType = "com.apple.product-type.tool";
		};
/* End PBXNativeTarget section */

/* Begin PBXProject section */
		542DC2E91A043DF7007397C6 /* Project object */ = {
			isa = PBXProject;
			attributes = {
				LastUpgradeCheck = 0610;
				ORGANIZATIONNAME = "Joey Lin";
				TargetAttributes = {
					542DC2F01A043DF7007397C6 = {
						CreatedOnToolsVersion = 6.1;
					};
				};
			};
			buildConfigurationList = 542DC2EC1A043DF7007397C6 /* Build configuration list for PBXProject "ProxyFile" */;
			compatibilityVersion = "Xcode 3.2";
			developmentRegion = English;
			hasScannedForEncodings = 0;
			knownRegions = (
				en,
			);
			mainGroup = 542DC2E81A043DF7007397C6;
			productRefGroup = 542DC2F21A043DF7007397C6 /* Products */;
			projectDirPath = "";
			projectRoot = "";
			targets = (
				542DC2F01A043DF7007397C6 /* ProxyFile */,
			);
		};
/* End PBXProject section */

/* Begin PBXSourcesBuildPhase section */
		542DC2ED1A043DF7007397C6 /* Sources */ = {
			isa = PBXSourcesBuildPhase;
			buildActionMask = 2147483647;
			files = (
				548E5AF41A060745000984C7 /* DiscoveryClient.cpp in Sources */,
				548E5AF71A060745000984C7 /* SearchEngine.cpp in Sources */,
				548E5AF51A060745000984C7 /* ItemProxy.cpp in Sources */,
				548E5AF61A060745000984C7 /* main.cpp in Sources */,
			);
			runOnlyForDeploymentPostprocessing = 0;
		};
/* End PBXSourcesBuildPhase section */

/* Begin XCBuildConfiguration section */
		542DC2F61A043DF7007397C6 /* Debug */ = {
			isa = XCBuildConfiguration;
			buildSettings = {
				ALWAYS_SEARCH_USER_PATHS = NO;
				CLANG_CXX_LANGUAGE_STANDARD = "gnu++0x";
				CLANG_CXX_LIBRARY = "libc++";
				CLANG_ENABLE_MODULES = YES;
				CLANG_ENABLE_OBJC_ARC = YES;
				CLANG_WARN_BOOL_CONVERSION = YES;
				CLANG_WARN_CONSTANT_CONVERSION = YES;
				CLANG_WARN_DIRECT_OBJC_ISA_USAGE = YES_ERROR;
				CLANG_WARN_EMPTY_BODY = YES;
				CLANG_WARN_ENUM_CONVERSION = YES;
				CLANG_WARN_INT_CONVERSION = YES;
				CLANG_WARN_OBJC_ROOT_CLASS = YES_ERROR;
				CLANG_WARN_UNREACHABLE_CODE = YES;
				CLANG_WARN__DUPLICATE_METHOD_MATCH = YES;
				COPY_PHASE_STRIP = NO;
				ENABLE_STRICT_OBJC_MSGSEND = YES;
				GCC_C_LANGUAGE_STANDARD = gnu99;
				GCC_DYNAMIC_NO_PIC = NO;
				GCC_OPTIMIZATION_LEVEL = 0;
				GCC_PREPROCESSOR_DEFINITIONS = (
					"DEBUG=1",
					"$(inherited)",
				);
				GCC_SYMBOLS_PRIVATE_EXTERN = NO;
				GCC_WARN_64_TO_32_BIT_CONVERSION = YES;
				GCC_WARN_ABOUT_RETURN_TYPE = YES_ERROR;
				GCC_WARN_UNDECLARED_SELECTOR = YES;
				GCC_WARN_UNINITIALIZED_AUTOS = YES_AGGRESSIVE;
				GCC_WARN_UNUSED_FUNCTION = YES;
				GCC_WARN_UNUSED_VARIABLE = YES;
				MACOSX_DEPLOYMENT_TARGET = 10.10;
				MTL_ENABLE_DEBUG_INFO = YES;
				ONLY_ACTIVE_ARCH = YES;
				SDKROOT = macosx;
			};
			name = Debug;
		};
		542DC2F71A043DF7007397C6 /* Release */ = {
			isa = XCBuildConfiguration;
			buildSettings = {
				ALWAYS_SEARCH_USER_PATHS = NO;
				CLANG_CXX_LANGUAGE_STANDARD = "gnu++0x";
				CLANG_CXX_LIBRARY = "libc++";
				CLANG_ENABLE_MODULES = YES;
				CLANG_ENABLE_OBJC_ARC = YES;
				CLANG_WARN_BOOL_CONVERSION = YES;
				CLANG_WARN_CONSTANT_CONVERSION = YES;
				CLANG_WARN_DIRECT_OBJC_ISA_USAGE = YES_ERROR;
				CLANG_WARN_EMPTY_BODY = YES;
				CLANG_WARN_ENUM_CONVERSION = YES;
				CLANG_WARN_INT_CONVERSION = YES;
				CLANG_WARN_OBJC_ROOT_CLASS = YES_ERROR;
				CLANG_WARN_UNREACHABLE_CODE = YES;
				CLANG_WARN__DUPLICATE_METHOD_MATCH = YES;
				COPY_PHASE_STRIP = YES;
				DEBUG_INFORMATION_FORMAT = "dwarf-with-dsym";
				ENABLE_NS_ASSERTIONS = NO;
				ENABLE_STRICT_OBJC_MSGSEND = YES;
				GCC_C_LANGUAGE_STANDARD = gnu99;
				GCC_WARN_64_TO_32_BIT_CONVERSION = YES;
				GCC_WARN_ABOUT_RETURN_TYPE = YES_ERROR;
				GCC_WARN_UNDECLARED_SELECTOR = YES;
				GCC_WARN_UNINITIALIZED_AUTOS = YES_AGGRESSIVE;
				GCC_WARN_UNUSED_FUNCTION = YES;
				GCC_WARN_UNUSED_VARIABLE = YES;
				MACOSX_DEPLOYMENT_TARGET = 10.10;
				MTL_ENABLE_DEBUG_INFO = NO;
				SDKROOT = macosx;
			};
			name = Release;
		};
		542DC2F91A043DF7007397C6 /* Debug */ = {
			isa = XCBuildConfiguration;
			buildSettings = {
				PRODUCT_NAME = "$(TARGET_NAME)";
			};
			name = Debug;
		};
		542DC2FA1A043DF7007397C6 /* Release */ = {
			isa = XCBuildConfiguration;
			buildSettings = {
				PRODUCT_NAME = "$(TARGET_NAME)";
			};
			name = Release;
		};
/* End XCBuildConfiguration section */

/* Begin XCConfigurationList section */
		542DC2EC1A043DF7007397C6 /* Build configuration list for PBXProject "ProxyFile" */ = {
			isa = XCConfigurationList;
			buildConfigurations = (
				542DC2F61A043DF7007397C6 /* Debug */,
				542DC2F71A043DF7007397C6 /* Release */,
			);
			defaultConfigurationIsVisible = 0;
			defaultConfigurationName = Release;
		};
		542DC2F81A043DF7007397C6 /* Build configuration list for PBXNativeTarget "ProxyFile" */ = {
			isa = XCConfigurationList;
			buildConfigurations = (
				542DC2F91A043DF7007397C6 /* Debug */,
				542DC2FA1A043DF7007397C6 /* Release */,
			);
			defaultConfigurationIsVisible = 0;
			defaultConfigurationName = Release;
		};
/* End XCConfigurationList section */
	};
	rootObject = 542DC2E91A043DF7007397C6 /* Project object */;
}
