// !$*UTF8*$!
{
	archiveVersion = 1;
	classes = {
	};
	objectVersion = 46;
	objects = {

/* Begin PBXBuildFile section */
		5465282F1A0349D100C8D9B1 /* main.cpp in Sources */ = {isa = PBXBuildFile; fileRef = 5465282E1A0349D100C8D9B1 /* main.cpp */; };
		54E556AD1A034A2500FB6CD2 /* DiscoveryClient.cpp in Sources */ = {isa = PBXBuildFile; fileRef = 54E556A71A034A2500FB6CD2 /* DiscoveryClient.cpp */; };
		54E556AE1A034A2500FB6CD2 /* ItemProxy.cpp in Sources */ = {isa = PBXBuildFile; fileRef = 54E556A91A034A2500FB6CD2 /* ItemProxy.cpp */; };
		54E556AF1A034A2500FB6CD2 /* SearchEngine.cpp in Sources */ = {isa = PBXBuildFile; fileRef = 54E556AB1A034A2500FB6CD2 /* SearchEngine.cpp */; };
/* End PBXBuildFile section */

/* Begin PBXCopyFilesBuildPhase section */
		546528291A0349D100C8D9B1 /* CopyFiles */ = {
			isa = PBXCopyFilesBuildPhase;
			buildActionMask = 2147483647;
			dstPath = /usr/share/man/man1/;
			dstSubfolderSpec = 0;
			files = (
			);
			runOnlyForDeploymentPostprocessing = 1;
		};
/* End PBXCopyFilesBuildPhase section */

/* Begin PBXFileReference section */
		5465282B1A0349D100C8D9B1 /* ProxyPattern */ = {isa = PBXFileReference; explicitFileType = "compiled.mach-o.executable"; includeInIndex = 0; path = ProxyPattern; sourceTree = BUILT_PRODUCTS_DIR; };
		5465282E1A0349D100C8D9B1 /* main.cpp */ = {isa = PBXFileReference; lastKnownFileType = sourcecode.cpp.cpp; path = main.cpp; sourceTree = "<group>"; };
		54E556A71A034A2500FB6CD2 /* DiscoveryClient.cpp */ = {isa = PBXFileReference; fileEncoding = 4; lastKnownFileType = sourcecode.cpp.cpp; path = DiscoveryClient.cpp; sourceTree = "<group>"; };
		54E556A81A034A2500FB6CD2 /* DiscoveryClient.h */ = {isa = PBXFileReference; fileEncoding = 4; lastKnownFileType = sourcecode.c.h; path = DiscoveryClient.h; sourceTree = "<group>"; };
		54E556A91A034A2500FB6CD2 /* ItemProxy.cpp */ = {isa = PBXFileReference; fileEncoding = 4; lastKnownFileType = sourcecode.cpp.cpp; path = ItemProxy.cpp; sourceTree = "<group>"; };
		54E556AA1A034A2500FB6CD2 /* ItemProxy.h */ = {isa = PBXFileReference; fileEncoding = 4; lastKnownFileType = sourcecode.c.h; path = ItemProxy.h; sourceTree = "<group>"; };
		54E556AB1A034A2500FB6CD2 /* SearchEngine.cpp */ = {isa = PBXFileReference; fileEncoding = 4; lastKnownFileType = sourcecode.cpp.cpp; path = SearchEngine.cpp; sourceTree = "<group>"; };
		54E556AC1A034A2500FB6CD2 /* SearchEngine.h */ = {isa = PBXFileReference; fileEncoding = 4; lastKnownFileType = sourcecode.c.h; path = SearchEngine.h; sourceTree = "<group>"; };
/* End PBXFileReference section */

/* Begin PBXFrameworksBuildPhase section */
		546528281A0349D100C8D9B1 /* Frameworks */ = {
			isa = PBXFrameworksBuildPhase;
			buildActionMask = 2147483647;
			files = (
			);
			runOnlyForDeploymentPostprocessing = 0;
		};
/* End PBXFrameworksBuildPhase section */

/* Begin PBXGroup section */
		546528221A0349D100C8D9B1 = {
			isa = PBXGroup;
			children = (
				5465282D1A0349D100C8D9B1 /* ProxyPattern */,
				5465282C1A0349D100C8D9B1 /* Products */,
			);
			sourceTree = "<group>";
		};
		5465282C1A0349D100C8D9B1 /* Products */ = {
			isa = PBXGroup;
			children = (
				5465282B1A0349D100C8D9B1 /* ProxyPattern */,
			);
			name = Products;
			sourceTree = "<group>";
		};
		5465282D1A0349D100C8D9B1 /* ProxyPattern */ = {
			isa = PBXGroup;
			children = (
				5465282E1A0349D100C8D9B1 /* main.cpp */,
				54E556A71A034A2500FB6CD2 /* DiscoveryClient.cpp */,
				54E556A81A034A2500FB6CD2 /* DiscoveryClient.h */,
				54E556A91A034A2500FB6CD2 /* ItemProxy.cpp */,
				54E556AA1A034A2500FB6CD2 /* ItemProxy.h */,
				54E556AB1A034A2500FB6CD2 /* SearchEngine.cpp */,
				54E556AC1A034A2500FB6CD2 /* SearchEngine.h */,
			);
			path = ProxyPattern;
			sourceTree = "<group>";
		};
/* End PBXGroup section */

/* Begin PBXNativeTarget section */
		5465282A1A0349D100C8D9B1 /* ProxyPattern */ = {
			isa = PBXNativeTarget;
			buildConfigurationList = 546528321A0349D100C8D9B1 /* Build configuration list for PBXNativeTarget "ProxyPattern" */;
			buildPhases = (
				546528271A0349D100C8D9B1 /* Sources */,
				546528281A0349D100C8D9B1 /* Frameworks */,
				546528291A0349D100C8D9B1 /* CopyFiles */,
			);
			buildRules = (
			);
			dependencies = (
			);
			name = ProxyPattern;
			productName = ProxyPattern;
			productReference = 5465282B1A0349D100C8D9B1 /* ProxyPattern */;
			productType = "com.apple.product-type.tool";
		};
/* End PBXNativeTarget section */

/* Begin PBXProject section */
		546528231A0349D100C8D9B1 /* Project object */ = {
			isa = PBXProject;
			attributes = {
				LastUpgradeCheck = 0610;
				ORGANIZATIONNAME = "Joey Lin";
				TargetAttributes = {
					5465282A1A0349D100C8D9B1 = {
						CreatedOnToolsVersion = 6.1;
					};
				};
			};
			buildConfigurationList = 546528261A0349D100C8D9B1 /* Build configuration list for PBXProject "ProxyPattern" */;
			compatibilityVersion = "Xcode 3.2";
			developmentRegion = English;
			hasScannedForEncodings = 0;
			knownRegions = (
				en,
			);
			mainGroup = 546528221A0349D100C8D9B1;
			productRefGroup = 5465282C1A0349D100C8D9B1 /* Products */;
			projectDirPath = "";
			projectRoot = "";
			targets = (
				5465282A1A0349D100C8D9B1 /* ProxyPattern */,
			);
		};
/* End PBXProject section */

/* Begin PBXSourcesBuildPhase section */
		546528271A0349D100C8D9B1 /* Sources */ = {
			isa = PBXSourcesBuildPhase;
			buildActionMask = 2147483647;
			files = (
				5465282F1A0349D100C8D9B1 /* main.cpp in Sources */,
				54E556AF1A034A2500FB6CD2 /* SearchEngine.cpp in Sources */,
				54E556AD1A034A2500FB6CD2 /* DiscoveryClient.cpp in Sources */,
				54E556AE1A034A2500FB6CD2 /* ItemProxy.cpp in Sources */,
			);
			runOnlyForDeploymentPostprocessing = 0;
		};
/* End PBXSourcesBuildPhase section */

/* Begin XCBuildConfiguration section */
		546528301A0349D100C8D9B1 /* Debug */ = {
			isa = XCBuildConfiguration;
			buildSettings = {
				ALWAYS_SEARCH_USER_PATHS = NO;
				CLANG_CXX_LANGUAGE_STANDARD = "gnu++0x";
				CLANG_CXX_LIBRARY = "libc++";
				CLANG_ENABLE_MODULES = YES;
				CLANG_ENABLE_OBJC_ARC = YES;
				CLANG_WARN_BOOL_CONVERSION = YES;
				CLANG_WARN_CONSTANT_CONVERSION = YES;
				CLANG_WARN_DIRECT_OBJC_ISA_USAGE = YES_ERROR;
				CLANG_WARN_EMPTY_BODY = YES;
				CLANG_WARN_ENUM_CONVERSION = YES;
				CLANG_WARN_INT_CONVERSION = YES;
				CLANG_WARN_OBJC_ROOT_CLASS = YES_ERROR;
				CLANG_WARN_UNREACHABLE_CODE = YES;
				CLANG_WARN__DUPLICATE_METHOD_MATCH = YES;
				COPY_PHASE_STRIP = NO;
				ENABLE_STRICT_OBJC_MSGSEND = YES;
				GCC_C_LANGUAGE_STANDARD = gnu99;
				GCC_DYNAMIC_NO_PIC = NO;
				GCC_OPTIMIZATION_LEVEL = 0;
				GCC_PREPROCESSOR_DEFINITIONS = (
					"DEBUG=1",
					"$(inherited)",
				);
				GCC_SYMBOLS_PRIVATE_EXTERN = NO;
				GCC_WARN_64_TO_32_BIT_CONVERSION = YES;
				GCC_WARN_ABOUT_RETURN_TYPE = YES_ERROR;
				GCC_WARN_UNDECLARED_SELECTOR = YES;
				GCC_WARN_UNINITIALIZED_AUTOS = YES_AGGRESSIVE;
				GCC_WARN_UNUSED_FUNCTION = YES;
				GCC_WARN_UNUSED_VARIABLE = YES;
				MACOSX_DEPLOYMENT_TARGET = 10.10;
				MTL_ENABLE_DEBUG_INFO = YES;
				ONLY_ACTIVE_ARCH = YES;
				SDKROOT = macosx;
			};
			name = Debug;
		};
		546528311A0349D100C8D9B1 /* Release */ = {
			isa = XCBuildConfiguration;
			buildSettings = {
				ALWAYS_SEARCH_USER_PATHS = NO;
				CLANG_CXX_LANGUAGE_STANDARD = "gnu++0x";
				CLANG_CXX_LIBRARY = "libc++";
				CLANG_ENABLE_MODULES = YES;
				CLANG_ENABLE_OBJC_ARC = YES;
				CLANG_WARN_BOOL_CONVERSION = YES;
				CLANG_WARN_CONSTANT_CONVERSION = YES;
				CLANG_WARN_DIRECT_OBJC_ISA_USAGE = YES_ERROR;
				CLANG_WARN_EMPTY_BODY = YES;
				CLANG_WARN_ENUM_CONVERSION = YES;
				CLANG_WARN_INT_CONVERSION = YES;
				CLANG_WARN_OBJC_ROOT_CLASS = YES_ERROR;
				CLANG_WARN_UNREACHABLE_CODE = YES;
				CLANG_WARN__DUPLICATE_METHOD_MATCH = YES;
				COPY_PHASE_STRIP = YES;
				DEBUG_INFORMATION_FORMAT = "dwarf-with-dsym";
				ENABLE_NS_ASSERTIONS = NO;
				ENABLE_STRICT_OBJC_MSGSEND = YES;
				GCC_C_LANGUAGE_STANDARD = gnu99;
				GCC_WARN_64_TO_32_BIT_CONVERSION = YES;
				GCC_WARN_ABOUT_RETURN_TYPE = YES_ERROR;
				GCC_WARN_UNDECLARED_SELECTOR = YES;
				GCC_WARN_UNINITIALIZED_AUTOS = YES_AGGRESSIVE;
				GCC_WARN_UNUSED_FUNCTION = YES;
				GCC_WARN_UNUSED_VARIABLE = YES;
				MACOSX_DEPLOYMENT_TARGET = 10.10;
				MTL_ENABLE_DEBUG_INFO = NO;
				SDKROOT = macosx;
			};
			name = Release;
		};
		546528331A0349D100C8D9B1 /* Debug */ = {
			isa = XCBuildConfiguration;
			buildSettings = {
				PRODUCT_NAME = "$(TARGET_NAME)";
			};
			name = Debug;
		};
		546528341A0349D100C8D9B1 /* Release */ = {
			isa = XCBuildConfiguration;
			buildSettings = {
				PRODUCT_NAME = "$(TARGET_NAME)";
			};
			name = Release;
		};
/* End XCBuildConfiguration section */

/* Begin XCConfigurationList section */
		546528261A0349D100C8D9B1 /* Build configuration list for PBXProject "ProxyPattern" */ = {
			isa = XCConfigurationList;
			buildConfigurations = (
				546528301A0349D100C8D9B1 /* Debug */,
				546528311A0349D100C8D9B1 /* Release */,
			);
			defaultConfigurationIsVisible = 0;
			defaultConfigurationName = Release;
		};
		546528321A0349D100C8D9B1 /* Build configuration list for PBXNativeTarget "ProxyPattern" */ = {
			isa = XCConfigurationList;
			buildConfigurations = (
				546528331A0349D100C8D9B1 /* Debug */,
				546528341A0349D100C8D9B1 /* Release */,
			);
			defaultConfigurationIsVisible = 0;
			defaultConfigurationName = Release;
		};
/* End XCConfigurationList section */
	};
	rootObject = 546528231A0349D100C8D9B1 /* Project object */;
}
